// !$*UTF8*$!
{
	archiveVersion = 1;
	classes = {
	};
	objectVersion = 46;
	objects = {

/* Begin PBXBuildFile section */
		105F86F61A9151FF00BE1E71 /* main.m in Sources */ = {isa = PBXBuildFile; fileRef = 105F86F51A9151FF00BE1E71 /* main.m */; };
		105F86F91A9151FF00BE1E71 /* AppDelegate.m in Sources */ = {isa = PBXBuildFile; fileRef = 105F86F81A9151FF00BE1E71 /* AppDelegate.m */; };
		105F86FC1A9151FF00BE1E71 /* Email_Game_2.xcdatamodeld in Sources */ = {isa = PBXBuildFile; fileRef = 105F86FA1A9151FF00BE1E71 /* Email_Game_2.xcdatamodeld */; };
		105F86FF1A9151FF00BE1E71 /* ViewController.m in Sources */ = {isa = PBXBuildFile; fileRef = 105F86FE1A9151FF00BE1E71 /* ViewController.m */; };
		105F87021A9151FF00BE1E71 /* Main.storyboard in Resources */ = {isa = PBXBuildFile; fileRef = 105F87001A9151FF00BE1E71 /* Main.storyboard */; };
		105F87041A9151FF00BE1E71 /* Images.xcassets in Resources */ = {isa = PBXBuildFile; fileRef = 105F87031A9151FF00BE1E71 /* Images.xcassets */; };
		105F87071A9151FF00BE1E71 /* LaunchScreen.xib in Resources */ = {isa = PBXBuildFile; fileRef = 105F87051A9151FF00BE1E71 /* LaunchScreen.xib */; };
		105F87131A91520000BE1E71 /* Email_Game_2Tests.m in Sources */ = {isa = PBXBuildFile; fileRef = 105F87121A91520000BE1E71 /* Email_Game_2Tests.m */; };
		105F87221A91536400BE1E71 /* CCConstants.m in Sources */ = {isa = PBXBuildFile; fileRef = 105F87211A91536400BE1E71 /* CCConstants.m */; };
		105F87281A917DEC00BE1E71 /* ScoreChartViewController.m in Sources */ = {isa = PBXBuildFile; fileRef = 105F87271A917DEC00BE1E71 /* ScoreChartViewController.m */; };
		15D8169DCB27F71BED424949 /* libPods.a in Frameworks */ = {isa = PBXBuildFile; fileRef = 99BA8C414BCB26DE24118665 /* libPods.a */; };
/* End PBXBuildFile section */

/* Begin PBXContainerItemProxy section */
		105F870D1A91520000BE1E71 /* PBXContainerItemProxy */ = {
			isa = PBXContainerItemProxy;
			containerPortal = 105F86E81A9151FF00BE1E71 /* Project object */;
			proxyType = 1;
			remoteGlobalIDString = 105F86EF1A9151FF00BE1E71;
			remoteInfo = "Email Game 2";
		};
/* End PBXContainerItemProxy section */

/* Begin PBXFileReference section */
		105F86F01A9151FF00BE1E71 /* Email Game 2.app */ = {isa = PBXFileReference; explicitFileType = wrapper.application; includeInIndex = 0; path = "Email Game 2.app"; sourceTree = BUILT_PRODUCTS_DIR; };
		105F86F41A9151FF00BE1E71 /* Info.plist */ = {isa = PBXFileReference; lastKnownFileType = text.plist.xml; path = Info.plist; sourceTree = "<group>"; };
		105F86F51A9151FF00BE1E71 /* main.m */ = {isa = PBXFileReference; lastKnownFileType = sourcecode.c.objc; path = main.m; sourceTree = "<group>"; };
		105F86F71A9151FF00BE1E71 /* AppDelegate.h */ = {isa = PBXFileReference; lastKnownFileType = sourcecode.c.h; path = AppDelegate.h; sourceTree = "<group>"; };
		105F86F81A9151FF00BE1E71 /* AppDelegate.m */ = {isa = PBXFileReference; lastKnownFileType = sourcecode.c.objc; path = AppDelegate.m; sourceTree = "<group>"; };
		105F86FB1A9151FF00BE1E71 /* Email_Game_2.xcdatamodel */ = {isa = PBXFileReference; lastKnownFileType = wrapper.xcdatamodel; path = Email_Game_2.xcdatamodel; sourceTree = "<group>"; };
		105F86FD1A9151FF00BE1E71 /* ViewController.h */ = {isa = PBXFileReference; lastKnownFileType = sourcecode.c.h; path = ViewController.h; sourceTree = "<group>"; };
		105F86FE1A9151FF00BE1E71 /* ViewController.m */ = {isa = PBXFileReference; lastKnownFileType = sourcecode.c.objc; path = ViewController.m; sourceTree = "<group>"; };
		105F87011A9151FF00BE1E71 /* Base */ = {isa = PBXFileReference; lastKnownFileType = file.storyboard; name = Base; path = Base.lproj/Main.storyboard; sourceTree = "<group>"; };
		105F87031A9151FF00BE1E71 /* Images.xcassets */ = {isa = PBXFileReference; lastKnownFileType = folder.assetcatalog; path = Images.xcassets; sourceTree = "<group>"; };
		105F87061A9151FF00BE1E71 /* Base */ = {isa = PBXFileReference; lastKnownFileType = file.xib; name = Base; path = Base.lproj/LaunchScreen.xib; sourceTree = "<group>"; };
		105F870C1A91520000BE1E71 /* Email Game 2Tests.xctest */ = {isa = PBXFileReference; explicitFileType = wrapper.cfbundle; includeInIndex = 0; path = "Email Game 2Tests.xctest"; sourceTree = BUILT_PRODUCTS_DIR; };
		105F87111A91520000BE1E71 /* Info.plist */ = {isa = PBXFileReference; lastKnownFileType = text.plist.xml; path = Info.plist; sourceTree = "<group>"; };
		105F87121A91520000BE1E71 /* Email_Game_2Tests.m */ = {isa = PBXFileReference; lastKnownFileType = sourcecode.c.objc; path = Email_Game_2Tests.m; sourceTree = "<group>"; };
		105F87201A91536400BE1E71 /* CCConstants.h */ = {isa = PBXFileReference; fileEncoding = 4; lastKnownFileType = sourcecode.c.h; path = CCConstants.h; sourceTree = "<group>"; };
		105F87211A91536400BE1E71 /* CCConstants.m */ = {isa = PBXFileReference; fileEncoding = 4; lastKnownFileType = sourcecode.c.objc; path = CCConstants.m; sourceTree = "<group>"; };
		105F87261A917DEC00BE1E71 /* ScoreChartViewController.h */ = {isa = PBXFileReference; fileEncoding = 4; lastKnownFileType = sourcecode.c.h; path = ScoreChartViewController.h; sourceTree = "<group>"; };
		105F87271A917DEC00BE1E71 /* ScoreChartViewController.m */ = {isa = PBXFileReference; fileEncoding = 4; lastKnownFileType = sourcecode.c.objc; path = ScoreChartViewController.m; sourceTree = "<group>"; };
		367924CB915C83A14161B9D9 /* Pods.release.xcconfig */ = {isa = PBXFileReference; includeInIndex = 1; lastKnownFileType = text.xcconfig; name = Pods.release.xcconfig; path = "Pods/Target Support Files/Pods/Pods.release.xcconfig"; sourceTree = "<group>"; };
		99BA8C414BCB26DE24118665 /* libPods.a */ = {isa = PBXFileReference; explicitFileType = archive.ar; includeInIndex = 0; path = libPods.a; sourceTree = BUILT_PRODUCTS_DIR; };
		C38C91DE301F669B7BDE5058 /* Pods.debug.xcconfig */ = {isa = PBXFileReference; includeInIndex = 1; lastKnownFileType = text.xcconfig; name = Pods.debug.xcconfig; path = "Pods/Target Support Files/Pods/Pods.debug.xcconfig"; sourceTree = "<group>"; };
/* End PBXFileReference section */

/* Begin PBXFrameworksBuildPhase section */
		105F86ED1A9151FF00BE1E71 /* Frameworks */ = {
			isa = PBXFrameworksBuildPhase;
			buildActionMask = 2147483647;
			files = (
				15D8169DCB27F71BED424949 /* libPods.a in Frameworks */,
			);
			runOnlyForDeploymentPostprocessing = 0;
		};
		105F87091A91520000BE1E71 /* Frameworks */ = {
			isa = PBXFrameworksBuildPhase;
			buildActionMask = 2147483647;
			files = (
			);
			runOnlyForDeploymentPostprocessing = 0;
		};
/* End PBXFrameworksBuildPhase section */

/* Begin PBXGroup section */
		105F86E71A9151FF00BE1E71 = {
			isa = PBXGroup;
			children = (
				105F86F21A9151FF00BE1E71 /* Email Game 2 */,
				105F870F1A91520000BE1E71 /* Email Game 2Tests */,
				105F86F11A9151FF00BE1E71 /* Products */,
				427ADE31DE9C72253360248A /* Pods */,
				6747C6BA927ADA22B381A683 /* Frameworks */,
			);
			sourceTree = "<group>";
		};
		105F86F11A9151FF00BE1E71 /* Products */ = {
			isa = PBXGroup;
			children = (
				105F86F01A9151FF00BE1E71 /* Email Game 2.app */,
				105F870C1A91520000BE1E71 /* Email Game 2Tests.xctest */,
			);
			name = Products;
			sourceTree = "<group>";
		};
		105F86F21A9151FF00BE1E71 /* Email Game 2 */ = {
			isa = PBXGroup;
			children = (
				105F86F71A9151FF00BE1E71 /* AppDelegate.h */,
				105F86F81A9151FF00BE1E71 /* AppDelegate.m */,
				105F86FD1A9151FF00BE1E71 /* ViewController.h */,
				105F86FE1A9151FF00BE1E71 /* ViewController.m */,
				105F87001A9151FF00BE1E71 /* Main.storyboard */,
				105F87261A917DEC00BE1E71 /* ScoreChartViewController.h */,
				105F87271A917DEC00BE1E71 /* ScoreChartViewController.m */,
				105F87031A9151FF00BE1E71 /* Images.xcassets */,
				105F87051A9151FF00BE1E71 /* LaunchScreen.xib */,
				105F86FA1A9151FF00BE1E71 /* Email_Game_2.xcdatamodeld */,
				105F86F31A9151FF00BE1E71 /* Supporting Files */,
			);
			path = "Email Game 2";
			sourceTree = "<group>";
		};
		105F86F31A9151FF00BE1E71 /* Supporting Files */ = {
			isa = PBXGroup;
			children = (
				105F86F41A9151FF00BE1E71 /* Info.plist */,
				105F86F51A9151FF00BE1E71 /* main.m */,
				105F87201A91536400BE1E71 /* CCConstants.h */,
				105F87211A91536400BE1E71 /* CCConstants.m */,
			);
			name = "Supporting Files";
			sourceTree = "<group>";
		};
		105F870F1A91520000BE1E71 /* Email Game 2Tests */ = {
			isa = PBXGroup;
			children = (
				105F87121A91520000BE1E71 /* Email_Game_2Tests.m */,
				105F87101A91520000BE1E71 /* Supporting Files */,
			);
			path = "Email Game 2Tests";
			sourceTree = "<group>";
		};
		105F87101A91520000BE1E71 /* Supporting Files */ = {
			isa = PBXGroup;
			children = (
				105F87111A91520000BE1E71 /* Info.plist */,
			);
			name = "Supporting Files";
			sourceTree = "<group>";
		};
		427ADE31DE9C72253360248A /* Pods */ = {
			isa = PBXGroup;
			children = (
				C38C91DE301F669B7BDE5058 /* Pods.debug.xcconfig */,
				367924CB915C83A14161B9D9 /* Pods.release.xcconfig */,
			);
			name = Pods;
			sourceTree = "<group>";
		};
		6747C6BA927ADA22B381A683 /* Frameworks */ = {
			isa = PBXGroup;
			children = (
				99BA8C414BCB26DE24118665 /* libPods.a */,
			);
			name = Frameworks;
			sourceTree = "<group>";
		};
/* End PBXGroup section */

/* Begin PBXNativeTarget section */
		105F86EF1A9151FF00BE1E71 /* Email Game 2 */ = {
			isa = PBXNativeTarget;
			buildConfigurationList = 105F87161A91520000BE1E71 /* Build configuration list for PBXNativeTarget "Email Game 2" */;
			buildPhases = (
				113C98A7CBA836CD7015AB41 /* Check Pods Manifest.lock */,
				105F86EC1A9151FF00BE1E71 /* Sources */,
				105F86ED1A9151FF00BE1E71 /* Frameworks */,
				105F86EE1A9151FF00BE1E71 /* Resources */,
				D7C162E0983EA3A1621F33E4 /* Copy Pods Resources */,
			);
			buildRules = (
			);
			dependencies = (
			);
			name = "Email Game 2";
			productName = "Email Game 2";
			productReference = 105F86F01A9151FF00BE1E71 /* Email Game 2.app */;
			productType = "com.apple.product-type.application";
		};
		105F870B1A91520000BE1E71 /* Email Game 2Tests */ = {
			isa = PBXNativeTarget;
			buildConfigurationList = 105F87191A91520000BE1E71 /* Build configuration list for PBXNativeTarget "Email Game 2Tests" */;
			buildPhases = (
				105F87081A91520000BE1E71 /* Sources */,
				105F87091A91520000BE1E71 /* Frameworks */,
				105F870A1A91520000BE1E71 /* Resources */,
			);
			buildRules = (
			);
			dependencies = (
				105F870E1A91520000BE1E71 /* PBXTargetDependency */,
			);
			name = "Email Game 2Tests";
			productName = "Email Game 2Tests";
			productReference = 105F870C1A91520000BE1E71 /* Email Game 2Tests.xctest */;
			productType = "com.apple.product-type.bundle.unit-test";
		};
/* End PBXNativeTarget section */

/* Begin PBXProject section */
		105F86E81A9151FF00BE1E71 /* Project object */ = {
			isa = PBXProject;
			attributes = {
				LastUpgradeCheck = 0610;
				ORGANIZATIONNAME = "So Freaking Yummy";
				TargetAttributes = {
					105F86EF1A9151FF00BE1E71 = {
						CreatedOnToolsVersion = 6.1.1;
					};
					105F870B1A91520000BE1E71 = {
						CreatedOnToolsVersion = 6.1.1;
						TestTargetID = 105F86EF1A9151FF00BE1E71;
					};
				};
			};
			buildConfigurationList = 105F86EB1A9151FF00BE1E71 /* Build configuration list for PBXProject "Email Game 2" */;
			compatibilityVersion = "Xcode 3.2";
			developmentRegion = English;
			hasScannedForEncodings = 0;
			knownRegions = (
				en,
				Base,
			);
			mainGroup = 105F86E71A9151FF00BE1E71;
			productRefGroup = 105F86F11A9151FF00BE1E71 /* Products */;
			projectDirPath = "";
			projectRoot = "";
			targets = (
				105F86EF1A9151FF00BE1E71 /* Email Game 2 */,
				105F870B1A91520000BE1E71 /* Email Game 2Tests */,
			);
		};
/* End PBXProject section */

/* Begin PBXResourcesBuildPhase section */
		105F86EE1A9151FF00BE1E71 /* Resources */ = {
			isa = PBXResourcesBuildPhase;
			buildActionMask = 2147483647;
			files = (
				105F87021A9151FF00BE1E71 /* Main.storyboard in Resources */,
				105F87071A9151FF00BE1E71 /* LaunchScreen.xib in Resources */,
				105F87041A9151FF00BE1E71 /* Images.xcassets in Resources */,
			);
			runOnlyForDeploymentPostprocessing = 0;
		};
		105F870A1A91520000BE1E71 /* Resources */ = {
			isa = PBXResourcesBuildPhase;
			buildActionMask = 2147483647;
			files = (
			);
			runOnlyForDeploymentPostprocessing = 0;
		};
/* End PBXResourcesBuildPhase section */

/* Begin PBXShellScriptBuildPhase section */
		113C98A7CBA836CD7015AB41 /* Check Pods Manifest.lock */ = {
			isa = PBXShellScriptBuildPhase;
			buildActionMask = 2147483647;
			files = (
			);
			inputPaths = (
			);
			name = "Check Pods Manifest.lock";
			outputPaths = (
			);
			runOnlyForDeploymentPostprocessing = 0;
			shellPath = /bin/sh;
			shellScript = "diff \"${PODS_ROOT}/../Podfile.lock\" \"${PODS_ROOT}/Manifest.lock\" > /dev/null\nif [[ $? != 0 ]] ; then\n    cat << EOM\nerror: The sandbox is not in sync with the Podfile.lock. Run 'pod install' or update your CocoaPods installation.\nEOM\n    exit 1\nfi\n";
			showEnvVarsInLog = 0;
		};
		D7C162E0983EA3A1621F33E4 /* Copy Pods Resources */ = {
			isa = PBXShellScriptBuildPhase;
			buildActionMask = 2147483647;
			files = (
			);
			inputPaths = (
			);
			name = "Copy Pods Resources";
			outputPaths = (
			);
			runOnlyForDeploymentPostprocessing = 0;
			shellPath = /bin/sh;
			shellScript = "\"${SRCROOT}/Pods/Target Support Files/Pods/Pods-resources.sh\"\n";
			showEnvVarsInLog = 0;
		};
/* End PBXShellScriptBuildPhase section */

/* Begin PBXSourcesBuildPhase section */
		105F86EC1A9151FF00BE1E71 /* Sources */ = {
			isa = PBXSourcesBuildPhase;
			buildActionMask = 2147483647;
			files = (
				105F86F91A9151FF00BE1E71 /* AppDelegate.m in Sources */,
				105F86F61A9151FF00BE1E71 /* main.m in Sources */,
				105F87281A917DEC00BE1E71 /* ScoreChartViewController.m in Sources */,
				105F86FF1A9151FF00BE1E71 /* ViewController.m in Sources */,
				105F86FC1A9151FF00BE1E71 /* Email_Game_2.xcdatamodeld in Sources */,
				105F87221A91536400BE1E71 /* CCConstants.m in Sources */,
			);
			runOnlyForDeploymentPostprocessing = 0;
		};
		105F87081A91520000BE1E71 /* Sources */ = {
			isa = PBXSourcesBuildPhase;
			buildActionMask = 2147483647;
			files = (
				105F87131A91520000BE1E71 /* Email_Game_2Tests.m in Sources */,
			);
			runOnlyForDeploymentPostprocessing = 0;
		};
/* End PBXSourcesBuildPhase section */

/* Begin PBXTargetDependency section */
		105F870E1A91520000BE1E71 /* PBXTargetDependency */ = {
			isa = PBXTargetDependency;
			target = 105F86EF1A9151FF00BE1E71 /* Email Game 2 */;
			targetProxy = 105F870D1A91520000BE1E71 /* PBXContainerItemProxy */;
		};
/* End PBXTargetDependency section */

/* Begin PBXVariantGroup section */
		105F87001A9151FF00BE1E71 /* Main.storyboard */ = {
			isa = PBXVariantGroup;
			children = (
				105F87011A9151FF00BE1E71 /* Base */,
			);
			name = Main.storyboard;
			sourceTree = "<group>";
		};
		105F87051A9151FF00BE1E71 /* LaunchScreen.xib */ = {
			isa = PBXVariantGroup;
			children = (
				105F87061A9151FF00BE1E71 /* Base */,
			);
			name = LaunchScreen.xib;
			sourceTree = "<group>";
		};
/* End PBXVariantGroup section */

/* Begin XCBuildConfiguration section */
		105F87141A91520000BE1E71 /* Debug */ = {
			isa = XCBuildConfiguration;
			buildSettings = {
				ALWAYS_SEARCH_USER_PATHS = NO;
				CLANG_CXX_LANGUAGE_STANDARD = "gnu++0x";
				CLANG_CXX_LIBRARY = "libc++";
				CLANG_ENABLE_MODULES = YES;
				CLANG_ENABLE_OBJC_ARC = YES;
				CLANG_WARN_BOOL_CONVERSION = YES;
				CLANG_WARN_CONSTANT_CONVERSION = YES;
				CLANG_WARN_DIRECT_OBJC_ISA_USAGE = YES_ERROR;
				CLANG_WARN_EMPTY_BODY = YES;
				CLANG_WARN_ENUM_CONVERSION = YES;
				CLANG_WARN_INT_CONVERSION = YES;
				CLANG_WARN_OBJC_ROOT_CLASS = YES_ERROR;
				CLANG_WARN_UNREACHABLE_CODE = YES;
				CLANG_WARN__DUPLICATE_METHOD_MATCH = YES;
				"CODE_SIGN_IDENTITY[sdk=iphoneos*]" = "iPhone Developer";
				COPY_PHASE_STRIP = NO;
				ENABLE_STRICT_OBJC_MSGSEND = YES;
				GCC_C_LANGUAGE_STANDARD = gnu99;
				GCC_DYNAMIC_NO_PIC = NO;
				GCC_OPTIMIZATION_LEVEL = 0;
				GCC_PREPROCESSOR_DEFINITIONS = (
					"DEBUG=1",
					"$(inherited)",
				);
				GCC_SYMBOLS_PRIVATE_EXTERN = NO;
				GCC_WARN_64_TO_32_BIT_CONVERSION = YES;
				GCC_WARN_ABOUT_RETURN_TYPE = YES_ERROR;
				GCC_WARN_UNDECLARED_SELECTOR = YES;
				GCC_WARN_UNINITIALIZED_AUTOS = YES_AGGRESSIVE;
				GCC_WARN_UNUSED_FUNCTION = YES;
				GCC_WARN_UNUSED_VARIABLE = YES;
				IPHONEOS_DEPLOYMENT_TARGET = 8.1;
				MTL_ENABLE_DEBUG_INFO = YES;
				ONLY_ACTIVE_ARCH = YES;
				SDKROOT = iphoneos;
			};
			name = Debug;
		};
		105F87151A91520000BE1E71 /* Release */ = {
			isa = XCBuildConfiguration;
			buildSettings = {
				ALWAYS_SEARCH_USER_PATHS = NO;
				CLANG_CXX_LANGUAGE_STANDARD = "gnu++0x";
				CLANG_CXX_LIBRARY = "libc++";
				CLANG_ENABLE_MODULES = YES;
				CLANG_ENABLE_OBJC_ARC = YES;
				CLANG_WARN_BOOL_CONVERSION = YES;
				CLANG_WARN_CONSTANT_CONVERSION = YES;
				CLANG_WARN_DIRECT_OBJC_ISA_USAGE = YES_ERROR;
				CLANG_WARN_EMPTY_BODY = YES;
				CLANG_WARN_ENUM_CONVERSION = YES;
				CLANG_WARN_INT_CONVERSION = YES;
				CLANG_WARN_OBJC_ROOT_CLASS = YES_ERROR;
				CLANG_WARN_UNREACHABLE_CODE = YES;
				CLANG_WARN__DUPLICATE_METHOD_MATCH = YES;
				"CODE_SIGN_IDENTITY[sdk=iphoneos*]" = "iPhone Developer";
				COPY_PHASE_STRIP = YES;
				ENABLE_NS_ASSERTIONS = NO;
				ENABLE_STRICT_OBJC_MSGSEND = YES;
				GCC_C_LANGUAGE_STANDARD = gnu99;
				GCC_WARN_64_TO_32_BIT_CONVERSION = YES;
				GCC_WARN_ABOUT_RETURN_TYPE = YES_ERROR;
				GCC_WARN_UNDECLARED_SELECTOR = YES;
				GCC_WARN_UNINITIALIZED_AUTOS = YES_AGGRESSIVE;
				GCC_WARN_UNUSED_FUNCTION = YES;
				GCC_WARN_UNUSED_VARIABLE = YES;
				IPHONEOS_DEPLOYMENT_TARGET = 8.1;
				MTL_ENABLE_DEBUG_INFO = NO;
				SDKROOT = iphoneos;
				VALIDATE_PRODUCT = YES;
			};
			name = Release;
		};
		105F87171A91520000BE1E71 /* Debug */ = {
			isa = XCBuildConfiguration;
			baseConfigurationReference = C38C91DE301F669B7BDE5058 /* Pods.debug.xcconfig */;
			buildSettings = {
				ASSETCATALOG_COMPILER_APPICON_NAME = AppIcon;
				INFOPLIST_FILE = "Email Game 2/Info.plist";
				LD_RUNPATH_SEARCH_PATHS = "$(inherited) @executable_path/Frameworks";
				PRODUCT_NAME = "$(TARGET_NAME)";
			};
			name = Debug;
		};
		105F87181A91520000BE1E71 /* Release */ = {
			isa = XCBuildConfiguration;
			baseConfigurationReference = 367924CB915C83A14161B9D9 /* Pods.release.xcconfig */;
			buildSettings = {
				ASSETCATALOG_COMPILER_APPICON_NAME = AppIcon;
				INFOPLIST_FILE = "Email Game 2/Info.plist";
				LD_RUNPATH_SEARCH_PATHS = "$(inherited) @executable_path/Frameworks";
				PRODUCT_NAME = "$(TARGET_NAME)";
			};
			name = Release;
		};
		105F871A1A91520000BE1E71 /* Debug */ = {
			isa = XCBuildConfiguration;
			buildSettings = {
				BUNDLE_LOADER = "$(TEST_HOST)";
				FRAMEWORK_SEARCH_PATHS = (
					"$(SDKROOT)/Developer/Library/Frameworks",
					"$(inherited)",
				);
				GCC_PREPROCESSOR_DEFINITIONS = (
					"DEBUG=1",
					"$(inherited)",
				);
				INFOPLIST_FILE = "Email Game 2Tests/Info.plist";
				LD_RUNPATH_SEARCH_PATHS = "$(inherited) @executable_path/Frameworks @loader_path/Frameworks";
				PRODUCT_NAME = "$(TARGET_NAME)";
				TEST_HOST = "$(BUILT_PRODUCTS_DIR)/Email Game 2.app/Email Game 2";
			};
			name = Debug;
		};
		105F871B1A91520000BE1E71 /* Release */ = {
			isa = XCBuildConfiguration;
			buildSettings = {
				BUNDLE_LOADER = "$(TEST_HOST)";
				FRAMEWORK_SEARCH_PATHS = (
					"$(SDKROOT)/Developer/Library/Frameworks",
					"$(inherited)",
				);
				INFOPLIST_FILE = "Email Game 2Tests/Info.plist";
				LD_RUNPATH_SEARCH_PATHS = "$(inherited) @executable_path/Frameworks @loader_path/Frameworks";
				PRODUCT_NAME = "$(TARGET_NAME)";
				TEST_HOST = "$(BUILT_PRODUCTS_DIR)/Email Game 2.app/Email Game 2";
			};
			name = Release;
		};
/* End XCBuildConfiguration section */

/* Begin XCConfigurationList section */
		105F86EB1A9151FF00BE1E71 /* Build configuration list for PBXProject "Email Game 2" */ = {
			isa = XCConfigurationList;
			buildConfigurations = (
				105F87141A91520000BE1E71 /* Debug */,
				105F87151A91520000BE1E71 /* Release */,
			);
			defaultConfigurationIsVisible = 0;
			defaultConfigurationName = Release;
		};
		105F87161A91520000BE1E71 /* Build configuration list for PBXNativeTarget "Email Game 2" */ = {
			isa = XCConfigurationList;
			buildConfigurations = (
				105F87171A91520000BE1E71 /* Debug */,
				105F87181A91520000BE1E71 /* Release */,
			);
			defaultConfigurationIsVisible = 0;
			defaultConfigurationName = Release;
		};
		105F87191A91520000BE1E71 /* Build configuration list for PBXNativeTarget "Email Game 2Tests" */ = {
			isa = XCConfigurationList;
			buildConfigurations = (
				105F871A1A91520000BE1E71 /* Debug */,
				105F871B1A91520000BE1E71 /* Release */,
			);
			defaultConfigurationIsVisible = 0;
			defaultConfigurationName = Release;
		};
/* End XCConfigurationList section */

/* Begin XCVersionGroup section */
		105F86FA1A9151FF00BE1E71 /* Email_Game_2.xcdatamodeld */ = {
			isa = XCVersionGroup;
			children = (
				105F86FB1A9151FF00BE1E71 /* Email_Game_2.xcdatamodel */,
			);
			currentVersion = 105F86FB1A9151FF00BE1E71 /* Email_Game_2.xcdatamodel */;
			path = Email_Game_2.xcdatamodeld;
			sourceTree = "<group>";
			versionGroupType = wrapper.xcdatamodel;
		};
/* End XCVersionGroup section */
	};
	rootObject = 105F86E81A9151FF00BE1E71 /* Project object */;
}
